
Microsoft Visual Studio Solution File, Format Version 12.00
# Visual Studio 15
VisualStudioVersion = 15.0.27130.2036
MinimumVisualStudioVersion = 10.0.40219.1
Project("{FAE04EC0-301F-11D3-BF4B-00C04F79EFBC}") = "ProjectUnitTest.Android", "ProjectUnitTest\ProjectUnitTest.Android\ProjectUnitTest.Android.csproj", "{5B44C860-CD16-4A23-86FB-4DCB1203117F}"
EndProject
Project("{FAE04EC0-301F-11D3-BF4B-00C04F79EFBC}") = "ProjectUnitTest.iOS", "ProjectUnitTest\ProjectUnitTest.iOS\ProjectUnitTest.iOS.csproj", "{417BB0E2-7183-4DCB-9388-FCAE52E5A3E3}"
EndProject
Project("{FAE04EC0-301F-11D3-BF4B-00C04F79EFBC}") = "ProjectUnitTest.UWP", "ProjectUnitTest\ProjectUnitTest.UWP\ProjectUnitTest.UWP.csproj", "{3C56B7B7-39D0-4E16-8D99-D296914851B9}"
EndProject
Project("{9A19103F-16F7-4668-BE54-9A1E7A4F7556}") = "ProjectUnitTest", "ProjectUnitTest\ProjectUnitTest\ProjectUnitTest.csproj", "{21577FD3-B8EF-40E3-B6DF-A60E32049AF7}"
EndProject
Project("{2150E333-8FDC-42A3-9474-1A3956D46DE8}") = "Test", "Test", "{F3A00C13-204D-4191-8916-8889701CC795}"
EndProject
Project("{FAE04EC0-301F-11D3-BF4B-00C04F79EFBC}") = "UnitTestProject1", "UnitTestProject1\UnitTestProject1.csproj", "{E41B0817-51C0-46EC-AF91-935AD16ABE77}"
EndProject
Global
	GlobalSection(SolutionConfigurationPlatforms) = preSolution
		Ad-Hoc|Any CPU = Ad-Hoc|Any CPU
		Ad-Hoc|ARM = Ad-Hoc|ARM
		Ad-Hoc|iPhone = Ad-Hoc|iPhone
		Ad-Hoc|iPhoneSimulator = Ad-Hoc|iPhoneSimulator
		Ad-Hoc|x64 = Ad-Hoc|x64
		Ad-Hoc|x86 = Ad-Hoc|x86
		AppStore|Any CPU = AppStore|Any CPU
		AppStore|ARM = AppStore|ARM
		AppStore|iPhone = AppStore|iPhone
		AppStore|iPhoneSimulator = AppStore|iPhoneSimulator
		AppStore|x64 = AppStore|x64
		AppStore|x86 = AppStore|x86
		Debug|Any CPU = Debug|Any CPU
		Debug|ARM = Debug|ARM
		Debug|iPhone = Debug|iPhone
		Debug|iPhoneSimulator = Debug|iPhoneSimulator
		Debug|x64 = Debug|x64
		Debug|x86 = Debug|x86
		Release|Any CPU = Release|Any CPU
		Release|ARM = Release|ARM
		Release|iPhone = Release|iPhone
		Release|iPhoneSimulator = Release|iPhoneSimulator
		Release|x64 = Release|x64
		Release|x86 = Release|x86
	EndGlobalSection
	GlobalSection(ProjectConfigurationPlatforms) = postSolution
		{5B44C860-CD16-4A23-86FB-4DCB1203117F}.Ad-Hoc|Any CPU.ActiveCfg = Release|Any CPU
		{5B44C860-CD16-4A23-86FB-4DCB1203117F}.Ad-Hoc|Any CPU.Build.0 = Release|Any CPU
		{5B44C860-CD16-4A23-86FB-4DCB1203117F}.Ad-Hoc|Any CPU.Deploy.0 = Release|Any CPU
		{5B44C860-CD16-4A23-86FB-4DCB1203117F}.Ad-Hoc|ARM.ActiveCfg = Release|Any CPU
		{5B44C860-CD16-4A23-86FB-4DCB1203117F}.Ad-Hoc|ARM.Build.0 = Release|Any CPU
		{5B44C860-CD16-4A23-86FB-4DCB1203117F}.Ad-Hoc|ARM.Deploy.0 = Release|Any CPU
		{5B44C860-CD16-4A23-86FB-4DCB1203117F}.Ad-Hoc|iPhone.ActiveCfg = Release|Any CPU
		{5B44C860-CD16-4A23-86FB-4DCB1203117F}.Ad-Hoc|iPhone.Build.0 = Release|Any CPU
		{5B44C860-CD16-4A23-86FB-4DCB1203117F}.Ad-Hoc|iPhone.Deploy.0 = Release|Any CPU
		{5B44C860-CD16-4A23-86FB-4DCB1203117F}.Ad-Hoc|iPhoneSimulator.ActiveCfg = Release|Any CPU
		{5B44C860-CD16-4A23-86FB-4DCB1203117F}.Ad-Hoc|iPhoneSimulator.Build.0 = Release|Any CPU
		{5B44C860-CD16-4A23-86FB-4DCB1203117F}.Ad-Hoc|iPhoneSimulator.Deploy.0 = Release|Any CPU
		{5B44C860-CD16-4A23-86FB-4DCB1203117F}.Ad-Hoc|x64.ActiveCfg = Release|Any CPU
		{5B44C860-CD16-4A23-86FB-4DCB1203117F}.Ad-Hoc|x64.Build.0 = Release|Any CPU
		{5B44C860-CD16-4A23-86FB-4DCB1203117F}.Ad-Hoc|x64.Deploy.0 = Release|Any CPU
		{5B44C860-CD16-4A23-86FB-4DCB1203117F}.Ad-Hoc|x86.ActiveCfg = Release|Any CPU
		{5B44C860-CD16-4A23-86FB-4DCB1203117F}.Ad-Hoc|x86.Build.0 = Release|Any CPU
		{5B44C860-CD16-4A23-86FB-4DCB1203117F}.Ad-Hoc|x86.Deploy.0 = Release|Any CPU
		{5B44C860-CD16-4A23-86FB-4DCB1203117F}.AppStore|Any CPU.ActiveCfg = Release|Any CPU
		{5B44C860-CD16-4A23-86FB-4DCB1203117F}.AppStore|Any CPU.Build.0 = Release|Any CPU
		{5B44C860-CD16-4A23-86FB-4DCB1203117F}.AppStore|Any CPU.Deploy.0 = Release|Any CPU
		{5B44C860-CD16-4A23-86FB-4DCB1203117F}.AppStore|ARM.ActiveCfg = Release|Any CPU
		{5B44C860-CD16-4A23-86FB-4DCB1203117F}.AppStore|ARM.Build.0 = Release|Any CPU
		{5B44C860-CD16-4A23-86FB-4DCB1203117F}.AppStore|ARM.Deploy.0 = Release|Any CPU
		{5B44C860-CD16-4A23-86FB-4DCB1203117F}.AppStore|iPhone.ActiveCfg = Release|Any CPU
		{5B44C860-CD16-4A23-86FB-4DCB1203117F}.AppStore|iPhone.Build.0 = Release|Any CPU
		{5B44C860-CD16-4A23-86FB-4DCB1203117F}.AppStore|iPhone.Deploy.0 = Release|Any CPU
		{5B44C860-CD16-4A23-86FB-4DCB1203117F}.AppStore|iPhoneSimulator.ActiveCfg = Release|Any CPU
		{5B44C860-CD16-4A23-86FB-4DCB1203117F}.AppStore|iPhoneSimulator.Build.0 = Release|Any CPU
		{5B44C860-CD16-4A23-86FB-4DCB1203117F}.AppStore|iPhoneSimulator.Deploy.0 = Release|Any CPU
		{5B44C860-CD16-4A23-86FB-4DCB1203117F}.AppStore|x64.ActiveCfg = Release|Any CPU
		{5B44C860-CD16-4A23-86FB-4DCB1203117F}.AppStore|x64.Build.0 = Release|Any CPU
		{5B44C860-CD16-4A23-86FB-4DCB1203117F}.AppStore|x64.Deploy.0 = Release|Any CPU
		{5B44C860-CD16-4A23-86FB-4DCB1203117F}.AppStore|x86.ActiveCfg = Release|Any CPU
		{5B44C860-CD16-4A23-86FB-4DCB1203117F}.AppStore|x86.Build.0 = Release|Any CPU
		{5B44C860-CD16-4A23-86FB-4DCB1203117F}.AppStore|x86.Deploy.0 = Release|Any CPU
		{5B44C860-CD16-4A23-86FB-4DCB1203117F}.Debug|Any CPU.ActiveCfg = Debug|Any CPU
		{5B44C860-CD16-4A23-86FB-4DCB1203117F}.Debug|Any CPU.Build.0 = Debug|Any CPU
		{5B44C860-CD16-4A23-86FB-4DCB1203117F}.Debug|Any CPU.Deploy.0 = Debug|Any CPU
		{5B44C860-CD16-4A23-86FB-4DCB1203117F}.Debug|ARM.ActiveCfg = Debug|Any CPU
		{5B44C860-CD16-4A23-86FB-4DCB1203117F}.Debug|ARM.Build.0 = Debug|Any CPU
		{5B44C860-CD16-4A23-86FB-4DCB1203117F}.Debug|ARM.Deploy.0 = Debug|Any CPU
		{5B44C860-CD16-4A23-86FB-4DCB1203117F}.Debug|iPhone.ActiveCfg = Debug|Any CPU
		{5B44C860-CD16-4A23-86FB-4DCB1203117F}.Debug|iPhone.Build.0 = Debug|Any CPU
		{5B44C860-CD16-4A23-86FB-4DCB1203117F}.Debug|iPhone.Deploy.0 = Debug|Any CPU
		{5B44C860-CD16-4A23-86FB-4DCB1203117F}.Debug|iPhoneSimulator.ActiveCfg = Debug|Any CPU
		{5B44C860-CD16-4A23-86FB-4DCB1203117F}.Debug|iPhoneSimulator.Build.0 = Debug|Any CPU
		{5B44C860-CD16-4A23-86FB-4DCB1203117F}.Debug|iPhoneSimulator.Deploy.0 = Debug|Any CPU
		{5B44C860-CD16-4A23-86FB-4DCB1203117F}.Debug|x64.ActiveCfg = Debug|Any CPU
		{5B44C860-CD16-4A23-86FB-4DCB1203117F}.Debug|x64.Build.0 = Debug|Any CPU
		{5B44C860-CD16-4A23-86FB-4DCB1203117F}.Debug|x64.Deploy.0 = Debug|Any CPU
		{5B44C860-CD16-4A23-86FB-4DCB1203117F}.Debug|x86.ActiveCfg = Debug|Any CPU
		{5B44C860-CD16-4A23-86FB-4DCB1203117F}.Debug|x86.Build.0 = Debug|Any CPU
		{5B44C860-CD16-4A23-86FB-4DCB1203117F}.Debug|x86.Deploy.0 = Debug|Any CPU
		{5B44C860-CD16-4A23-86FB-4DCB1203117F}.Release|Any CPU.ActiveCfg = Release|Any CPU
		{5B44C860-CD16-4A23-86FB-4DCB1203117F}.Release|Any CPU.Build.0 = Release|Any CPU
		{5B44C860-CD16-4A23-86FB-4DCB1203117F}.Release|Any CPU.Deploy.0 = Release|Any CPU
		{5B44C860-CD16-4A23-86FB-4DCB1203117F}.Release|ARM.ActiveCfg = Release|Any CPU
		{5B44C860-CD16-4A23-86FB-4DCB1203117F}.Release|ARM.Build.0 = Release|Any CPU
		{5B44C860-CD16-4A23-86FB-4DCB1203117F}.Release|ARM.Deploy.0 = Release|Any CPU
		{5B44C860-CD16-4A23-86FB-4DCB1203117F}.Release|iPhone.ActiveCfg = Release|Any CPU
		{5B44C860-CD16-4A23-86FB-4DCB1203117F}.Release|iPhone.Build.0 = Release|Any CPU
		{5B44C860-CD16-4A23-86FB-4DCB1203117F}.Release|iPhone.Deploy.0 = Release|Any CPU
		{5B44C860-CD16-4A23-86FB-4DCB1203117F}.Release|iPhoneSimulator.ActiveCfg = Release|Any CPU
		{5B44C860-CD16-4A23-86FB-4DCB1203117F}.Release|iPhoneSimulator.Build.0 = Release|Any CPU
		{5B44C860-CD16-4A23-86FB-4DCB1203117F}.Release|iPhoneSimulator.Deploy.0 = Release|Any CPU
		{5B44C860-CD16-4A23-86FB-4DCB1203117F}.Release|x64.ActiveCfg = Release|Any CPU
		{5B44C860-CD16-4A23-86FB-4DCB1203117F}.Release|x64.Build.0 = Release|Any CPU
		{5B44C860-CD16-4A23-86FB-4DCB1203117F}.Release|x64.Deploy.0 = Release|Any CPU
		{5B44C860-CD16-4A23-86FB-4DCB1203117F}.Release|x86.ActiveCfg = Release|Any CPU
		{5B44C860-CD16-4A23-86FB-4DCB1203117F}.Release|x86.Build.0 = Release|Any CPU
		{5B44C860-CD16-4A23-86FB-4DCB1203117F}.Release|x86.Deploy.0 = Release|Any CPU
		{417BB0E2-7183-4DCB-9388-FCAE52E5A3E3}.Ad-Hoc|Any CPU.ActiveCfg = Ad-Hoc|iPhone
		{417BB0E2-7183-4DCB-9388-FCAE52E5A3E3}.Ad-Hoc|ARM.ActiveCfg = Ad-Hoc|iPhone
		{417BB0E2-7183-4DCB-9388-FCAE52E5A3E3}.Ad-Hoc|iPhone.ActiveCfg = Ad-Hoc|iPhone
		{417BB0E2-7183-4DCB-9388-FCAE52E5A3E3}.Ad-Hoc|iPhone.Build.0 = Ad-Hoc|iPhone
		{417BB0E2-7183-4DCB-9388-FCAE52E5A3E3}.Ad-Hoc|iPhoneSimulator.ActiveCfg = Ad-Hoc|iPhoneSimulator
		{417BB0E2-7183-4DCB-9388-FCAE52E5A3E3}.Ad-Hoc|iPhoneSimulator.Build.0 = Ad-Hoc|iPhoneSimulator
		{417BB0E2-7183-4DCB-9388-FCAE52E5A3E3}.Ad-Hoc|x64.ActiveCfg = Ad-Hoc|iPhone
		{417BB0E2-7183-4DCB-9388-FCAE52E5A3E3}.Ad-Hoc|x86.ActiveCfg = Ad-Hoc|iPhone
		{417BB0E2-7183-4DCB-9388-FCAE52E5A3E3}.AppStore|Any CPU.ActiveCfg = AppStore|iPhone
		{417BB0E2-7183-4DCB-9388-FCAE52E5A3E3}.AppStore|ARM.ActiveCfg = AppStore|iPhone
		{417BB0E2-7183-4DCB-9388-FCAE52E5A3E3}.AppStore|iPhone.ActiveCfg = AppStore|iPhone
		{417BB0E2-7183-4DCB-9388-FCAE52E5A3E3}.AppStore|iPhone.Build.0 = AppStore|iPhone
		{417BB0E2-7183-4DCB-9388-FCAE52E5A3E3}.AppStore|iPhoneSimulator.ActiveCfg = AppStore|iPhoneSimulator
		{417BB0E2-7183-4DCB-9388-FCAE52E5A3E3}.AppStore|iPhoneSimulator.Build.0 = AppStore|iPhoneSimulator
		{417BB0E2-7183-4DCB-9388-FCAE52E5A3E3}.AppStore|x64.ActiveCfg = AppStore|iPhone
		{417BB0E2-7183-4DCB-9388-FCAE52E5A3E3}.AppStore|x86.ActiveCfg = AppStore|iPhone
		{417BB0E2-7183-4DCB-9388-FCAE52E5A3E3}.Debug|Any CPU.ActiveCfg = Debug|iPhone
		{417BB0E2-7183-4DCB-9388-FCAE52E5A3E3}.Debug|ARM.ActiveCfg = Debug|iPhone
		{417BB0E2-7183-4DCB-9388-FCAE52E5A3E3}.Debug|iPhone.ActiveCfg = Debug|iPhone
		{417BB0E2-7183-4DCB-9388-FCAE52E5A3E3}.Debug|iPhone.Build.0 = Debug|iPhone
		{417BB0E2-7183-4DCB-9388-FCAE52E5A3E3}.Debug|iPhoneSimulator.ActiveCfg = Debug|iPhoneSimulator
		{417BB0E2-7183-4DCB-9388-FCAE52E5A3E3}.Debug|iPhoneSimulator.Build.0 = Debug|iPhoneSimulator
		{417BB0E2-7183-4DCB-9388-FCAE52E5A3E3}.Debug|x64.ActiveCfg = Debug|iPhone
		{417BB0E2-7183-4DCB-9388-FCAE52E5A3E3}.Debug|x86.ActiveCfg = Debug|iPhone
		{417BB0E2-7183-4DCB-9388-FCAE52E5A3E3}.Release|Any CPU.ActiveCfg = Release|iPhone
		{417BB0E2-7183-4DCB-9388-FCAE52E5A3E3}.Release|ARM.ActiveCfg = Release|iPhone
		{417BB0E2-7183-4DCB-9388-FCAE52E5A3E3}.Release|iPhone.ActiveCfg = Release|iPhone
		{417BB0E2-7183-4DCB-9388-FCAE52E5A3E3}.Release|iPhone.Build.0 = Release|iPhone
		{417BB0E2-7183-4DCB-9388-FCAE52E5A3E3}.Release|iPhoneSimulator.ActiveCfg = Release|iPhoneSimulator
		{417BB0E2-7183-4DCB-9388-FCAE52E5A3E3}.Release|iPhoneSimulator.Build.0 = Release|iPhoneSimulator
		{417BB0E2-7183-4DCB-9388-FCAE52E5A3E3}.Release|x64.ActiveCfg = Release|iPhone
		{417BB0E2-7183-4DCB-9388-FCAE52E5A3E3}.Release|x86.ActiveCfg = Release|iPhone
		{3C56B7B7-39D0-4E16-8D99-D296914851B9}.Ad-Hoc|Any CPU.ActiveCfg = Release|x86
		{3C56B7B7-39D0-4E16-8D99-D296914851B9}.Ad-Hoc|Any CPU.Build.0 = Release|x86
		{3C56B7B7-39D0-4E16-8D99-D296914851B9}.Ad-Hoc|Any CPU.Deploy.0 = Release|x86
		{3C56B7B7-39D0-4E16-8D99-D296914851B9}.Ad-Hoc|ARM.ActiveCfg = Release|ARM
		{3C56B7B7-39D0-4E16-8D99-D296914851B9}.Ad-Hoc|ARM.Build.0 = Release|ARM
		{3C56B7B7-39D0-4E16-8D99-D296914851B9}.Ad-Hoc|ARM.Deploy.0 = Release|ARM
		{3C56B7B7-39D0-4E16-8D99-D296914851B9}.Ad-Hoc|iPhone.ActiveCfg = Release|x86
		{3C56B7B7-39D0-4E16-8D99-D296914851B9}.Ad-Hoc|iPhone.Build.0 = Release|x86
		{3C56B7B7-39D0-4E16-8D99-D296914851B9}.Ad-Hoc|iPhone.Deploy.0 = Release|x86
		{3C56B7B7-39D0-4E16-8D99-D296914851B9}.Ad-Hoc|iPhoneSimulator.ActiveCfg = Release|x86
		{3C56B7B7-39D0-4E16-8D99-D296914851B9}.Ad-Hoc|iPhoneSimulator.Build.0 = Release|x86
		{3C56B7B7-39D0-4E16-8D99-D296914851B9}.Ad-Hoc|iPhoneSimulator.Deploy.0 = Release|x86
		{3C56B7B7-39D0-4E16-8D99-D296914851B9}.Ad-Hoc|x64.ActiveCfg = Release|x64
		{3C56B7B7-39D0-4E16-8D99-D296914851B9}.Ad-Hoc|x64.Build.0 = Release|x64
		{3C56B7B7-39D0-4E16-8D99-D296914851B9}.Ad-Hoc|x64.Deploy.0 = Release|x64
		{3C56B7B7-39D0-4E16-8D99-D296914851B9}.Ad-Hoc|x86.ActiveCfg = Release|x86
		{3C56B7B7-39D0-4E16-8D99-D296914851B9}.Ad-Hoc|x86.Build.0 = Release|x86
		{3C56B7B7-39D0-4E16-8D99-D296914851B9}.Ad-Hoc|x86.Deploy.0 = Release|x86
		{3C56B7B7-39D0-4E16-8D99-D296914851B9}.AppStore|Any CPU.ActiveCfg = Release|x86
		{3C56B7B7-39D0-4E16-8D99-D296914851B9}.AppStore|Any CPU.Build.0 = Release|x86
		{3C56B7B7-39D0-4E16-8D99-D296914851B9}.AppStore|Any CPU.Deploy.0 = Release|x86
		{3C56B7B7-39D0-4E16-8D99-D296914851B9}.AppStore|ARM.ActiveCfg = Release|ARM
		{3C56B7B7-39D0-4E16-8D99-D296914851B9}.AppStore|ARM.Build.0 = Release|ARM
		{3C56B7B7-39D0-4E16-8D99-D296914851B9}.AppStore|ARM.Deploy.0 = Release|ARM
		{3C56B7B7-39D0-4E16-8D99-D296914851B9}.AppStore|iPhone.ActiveCfg = Release|x86
		{3C56B7B7-39D0-4E16-8D99-D296914851B9}.AppStore|iPhone.Build.0 = Release|x86
		{3C56B7B7-39D0-4E16-8D99-D296914851B9}.AppStore|iPhone.Deploy.0 = Release|x86
		{3C56B7B7-39D0-4E16-8D99-D296914851B9}.AppStore|iPhoneSimulator.ActiveCfg = Release|x86
		{3C56B7B7-39D0-4E16-8D99-D296914851B9}.AppStore|iPhoneSimulator.Build.0 = Release|x86
		{3C56B7B7-39D0-4E16-8D99-D296914851B9}.AppStore|iPhoneSimulator.Deploy.0 = Release|x86
		{3C56B7B7-39D0-4E16-8D99-D296914851B9}.AppStore|x64.ActiveCfg = Release|x64
		{3C56B7B7-39D0-4E16-8D99-D296914851B9}.AppStore|x64.Build.0 = Release|x64
		{3C56B7B7-39D0-4E16-8D99-D296914851B9}.AppStore|x64.Deploy.0 = Release|x64
		{3C56B7B7-39D0-4E16-8D99-D296914851B9}.AppStore|x86.ActiveCfg = Release|x86
		{3C56B7B7-39D0-4E16-8D99-D296914851B9}.AppStore|x86.Build.0 = Release|x86
		{3C56B7B7-39D0-4E16-8D99-D296914851B9}.AppStore|x86.Deploy.0 = Release|x86
		{3C56B7B7-39D0-4E16-8D99-D296914851B9}.Debug|Any CPU.ActiveCfg = Debug|x86
		{3C56B7B7-39D0-4E16-8D99-D296914851B9}.Debug|ARM.ActiveCfg = Debug|ARM
		{3C56B7B7-39D0-4E16-8D99-D296914851B9}.Debug|ARM.Build.0 = Debug|ARM
		{3C56B7B7-39D0-4E16-8D99-D296914851B9}.Debug|ARM.Deploy.0 = Debug|ARM
		{3C56B7B7-39D0-4E16-8D99-D296914851B9}.Debug|iPhone.ActiveCfg = Debug|x86
		{3C56B7B7-39D0-4E16-8D99-D296914851B9}.Debug|iPhoneSimulator.ActiveCfg = Debug|x86
		{3C56B7B7-39D0-4E16-8D99-D296914851B9}.Debug|x64.ActiveCfg = Debug|x64
		{3C56B7B7-39D0-4E16-8D99-D296914851B9}.Debug|x64.Build.0 = Debug|x64
		{3C56B7B7-39D0-4E16-8D99-D296914851B9}.Debug|x64.Deploy.0 = Debug|x64
		{3C56B7B7-39D0-4E16-8D99-D296914851B9}.Debug|x86.ActiveCfg = Debug|x86
		{3C56B7B7-39D0-4E16-8D99-D296914851B9}.Debug|x86.Build.0 = Debug|x86
		{3C56B7B7-39D0-4E16-8D99-D296914851B9}.Debug|x86.Deploy.0 = Debug|x86
		{3C56B7B7-39D0-4E16-8D99-D296914851B9}.Release|Any CPU.ActiveCfg = Release|x86
		{3C56B7B7-39D0-4E16-8D99-D296914851B9}.Release|ARM.ActiveCfg = Release|ARM
		{3C56B7B7-39D0-4E16-8D99-D296914851B9}.Release|ARM.Build.0 = Release|ARM
		{3C56B7B7-39D0-4E16-8D99-D296914851B9}.Release|ARM.Deploy.0 = Release|ARM
		{3C56B7B7-39D0-4E16-8D99-D296914851B9}.Release|iPhone.ActiveCfg = Release|x86
		{3C56B7B7-39D0-4E16-8D99-D296914851B9}.Release|iPhoneSimulator.ActiveCfg = Release|x86
		{3C56B7B7-39D0-4E16-8D99-D296914851B9}.Release|x64.ActiveCfg = Release|x64
		{3C56B7B7-39D0-4E16-8D99-D296914851B9}.Release|x64.Build.0 = Release|x64
		{3C56B7B7-39D0-4E16-8D99-D296914851B9}.Release|x64.Deploy.0 = Release|x64
		{3C56B7B7-39D0-4E16-8D99-D296914851B9}.Release|x86.ActiveCfg = Release|x86
		{3C56B7B7-39D0-4E16-8D99-D296914851B9}.Release|x86.Build.0 = Release|x86
		{3C56B7B7-39D0-4E16-8D99-D296914851B9}.Release|x86.Deploy.0 = Release|x86
		{21577FD3-B8EF-40E3-B6DF-A60E32049AF7}.Ad-Hoc|Any CPU.ActiveCfg = Debug|Any CPU
		{21577FD3-B8EF-40E3-B6DF-A60E32049AF7}.Ad-Hoc|Any CPU.Build.0 = Debug|Any CPU
		{21577FD3-B8EF-40E3-B6DF-A60E32049AF7}.Ad-Hoc|ARM.ActiveCfg = Debug|Any CPU
		{21577FD3-B8EF-40E3-B6DF-A60E32049AF7}.Ad-Hoc|ARM.Build.0 = Debug|Any CPU
		{21577FD3-B8EF-40E3-B6DF-A60E32049AF7}.Ad-Hoc|iPhone.ActiveCfg = Debug|Any CPU
		{21577FD3-B8EF-40E3-B6DF-A60E32049AF7}.Ad-Hoc|iPhone.Build.0 = Debug|Any CPU
		{21577FD3-B8EF-40E3-B6DF-A60E32049AF7}.Ad-Hoc|iPhoneSimulator.ActiveCfg = Debug|Any CPU
		{21577FD3-B8EF-40E3-B6DF-A60E32049AF7}.Ad-Hoc|iPhoneSimulator.Build.0 = Debug|Any CPU
		{21577FD3-B8EF-40E3-B6DF-A60E32049AF7}.Ad-Hoc|x64.ActiveCfg = Debug|Any CPU
		{21577FD3-B8EF-40E3-B6DF-A60E32049AF7}.Ad-Hoc|x64.Build.0 = Debug|Any CPU
		{21577FD3-B8EF-40E3-B6DF-A60E32049AF7}.Ad-Hoc|x86.ActiveCfg = Debug|Any CPU
		{21577FD3-B8EF-40E3-B6DF-A60E32049AF7}.Ad-Hoc|x86.Build.0 = Debug|Any CPU
		{21577FD3-B8EF-40E3-B6DF-A60E32049AF7}.AppStore|Any CPU.ActiveCfg = Debug|Any CPU
		{21577FD3-B8EF-40E3-B6DF-A60E32049AF7}.AppStore|Any CPU.Build.0 = Debug|Any CPU
		{21577FD3-B8EF-40E3-B6DF-A60E32049AF7}.AppStore|ARM.ActiveCfg = Debug|Any CPU
		{21577FD3-B8EF-40E3-B6DF-A60E32049AF7}.AppStore|ARM.Build.0 = Debug|Any CPU
		{21577FD3-B8EF-40E3-B6DF-A60E32049AF7}.AppStore|iPhone.ActiveCfg = Debug|Any CPU
		{21577FD3-B8EF-40E3-B6DF-A60E32049AF7}.AppStore|iPhone.Build.0 = Debug|Any CPU
		{21577FD3-B8EF-40E3-B6DF-A60E32049AF7}.AppStore|iPhoneSimulator.ActiveCfg = Debug|Any CPU
		{21577FD3-B8EF-40E3-B6DF-A60E32049AF7}.AppStore|iPhoneSimulator.Build.0 = Debug|Any CPU
		{21577FD3-B8EF-40E3-B6DF-A60E32049AF7}.AppStore|x64.ActiveCfg = Debug|Any CPU
		{21577FD3-B8EF-40E3-B6DF-A60E32049AF7}.AppStore|x64.Build.0 = Debug|Any CPU
		{21577FD3-B8EF-40E3-B6DF-A60E32049AF7}.AppStore|x86.ActiveCfg = Debug|Any CPU
		{21577FD3-B8EF-40E3-B6DF-A60E32049AF7}.AppStore|x86.Build.0 = Debug|Any CPU
		{21577FD3-B8EF-40E3-B6DF-A60E32049AF7}.Debug|Any CPU.ActiveCfg = Debug|Any CPU
		{21577FD3-B8EF-40E3-B6DF-A60E32049AF7}.Debug|Any CPU.Build.0 = Debug|Any CPU
		{21577FD3-B8EF-40E3-B6DF-A60E32049AF7}.Debug|ARM.ActiveCfg = Debug|Any CPU
		{21577FD3-B8EF-40E3-B6DF-A60E32049AF7}.Debug|ARM.Build.0 = Debug|Any CPU
		{21577FD3-B8EF-40E3-B6DF-A60E32049AF7}.Debug|iPhone.ActiveCfg = Debug|Any CPU
		{21577FD3-B8EF-40E3-B6DF-A60E32049AF7}.Debug|iPhone.Build.0 = Debug|Any CPU
		{21577FD3-B8EF-40E3-B6DF-A60E32049AF7}.Debug|iPhoneSimulator.ActiveCfg = Debug|Any CPU
		{21577FD3-B8EF-40E3-B6DF-A60E32049AF7}.Debug|iPhoneSimulator.Build.0 = Debug|Any CPU
		{21577FD3-B8EF-40E3-B6DF-A60E32049AF7}.Debug|x64.ActiveCfg = Debug|Any CPU
		{21577FD3-B8EF-40E3-B6DF-A60E32049AF7}.Debug|x64.Build.0 = Debug|Any CPU
		{21577FD3-B8EF-40E3-B6DF-A60E32049AF7}.Debug|x86.ActiveCfg = Debug|Any CPU
		{21577FD3-B8EF-40E3-B6DF-A60E32049AF7}.Debug|x86.Build.0 = Debug|Any CPU
		{21577FD3-B8EF-40E3-B6DF-A60E32049AF7}.Release|Any CPU.ActiveCfg = Release|Any CPU
		{21577FD3-B8EF-40E3-B6DF-A60E32049AF7}.Release|Any CPU.Build.0 = Release|Any CPU
		{21577FD3-B8EF-40E3-B6DF-A60E32049AF7}.Release|ARM.ActiveCfg = Release|Any CPU
		{21577FD3-B8EF-40E3-B6DF-A60E32049AF7}.Release|ARM.Build.0 = Release|Any CPU
		{21577FD3-B8EF-40E3-B6DF-A60E32049AF7}.Release|iPhone.ActiveCfg = Release|Any CPU
		{21577FD3-B8EF-40E3-B6DF-A60E32049AF7}.Release|iPhone.Build.0 = Release|Any CPU
		{21577FD3-B8EF-40E3-B6DF-A60E32049AF7}.Release|iPhoneSimulator.ActiveCfg = Release|Any CPU
		{21577FD3-B8EF-40E3-B6DF-A60E32049AF7}.Release|iPhoneSimulator.Build.0 = Release|Any CPU
		{21577FD3-B8EF-40E3-B6DF-A60E32049AF7}.Release|x64.ActiveCfg = Release|Any CPU
		{21577FD3-B8EF-40E3-B6DF-A60E32049AF7}.Release|x64.Build.0 = Release|Any CPU
		{21577FD3-B8EF-40E3-B6DF-A60E32049AF7}.Release|x86.ActiveCfg = Release|Any CPU
		{21577FD3-B8EF-40E3-B6DF-A60E32049AF7}.Release|x86.Build.0 = Release|Any CPU
		{E41B0817-51C0-46EC-AF91-935AD16ABE77}.Ad-Hoc|Any CPU.ActiveCfg = Release|Any CPU
		{E41B0817-51C0-46EC-AF91-935AD16ABE77}.Ad-Hoc|Any CPU.Build.0 = Release|Any CPU
		{E41B0817-51C0-46EC-AF91-935AD16ABE77}.Ad-Hoc|ARM.ActiveCfg = Release|Any CPU
		{E41B0817-51C0-46EC-AF91-935AD16ABE77}.Ad-Hoc|ARM.Build.0 = Release|Any CPU
		{E41B0817-51C0-46EC-AF91-935AD16ABE77}.Ad-Hoc|iPhone.ActiveCfg = Release|Any CPU
		{E41B0817-51C0-46EC-AF91-935AD16ABE77}.Ad-Hoc|iPhone.Build.0 = Release|Any CPU
		{E41B0817-51C0-46EC-AF91-935AD16ABE77}.Ad-Hoc|iPhoneSimulator.ActiveCfg = Release|Any CPU
		{E41B0817-51C0-46EC-AF91-935AD16ABE77}.Ad-Hoc|iPhoneSimulator.Build.0 = Release|Any CPU
		{E41B0817-51C0-46EC-AF91-935AD16ABE77}.Ad-Hoc|x64.ActiveCfg = Release|Any CPU
		{E41B0817-51C0-46EC-AF91-935AD16ABE77}.Ad-Hoc|x64.Build.0 = Release|Any CPU
		{E41B0817-51C0-46EC-AF91-935AD16ABE77}.Ad-Hoc|x86.ActiveCfg = Release|Any CPU
		{E41B0817-51C0-46EC-AF91-935AD16ABE77}.Ad-Hoc|x86.Build.0 = Release|Any CPU
		{E41B0817-51C0-46EC-AF91-935AD16ABE77}.AppStore|Any CPU.ActiveCfg = Release|Any CPU
		{E41B0817-51C0-46EC-AF91-935AD16ABE77}.AppStore|Any CPU.Build.0 = Release|Any CPU
		{E41B0817-51C0-46EC-AF91-935AD16ABE77}.AppStore|ARM.ActiveCfg = Release|Any CPU
		{E41B0817-51C0-46EC-AF91-935AD16ABE77}.AppStore|ARM.Build.0 = Release|Any CPU
		{E41B0817-51C0-46EC-AF91-935AD16ABE77}.AppStore|iPhone.ActiveCfg = Release|Any CPU
		{E41B0817-51C0-46EC-AF91-935AD16ABE77}.AppStore|iPhone.Build.0 = Release|Any CPU
		{E41B0817-51C0-46EC-AF91-935AD16ABE77}.AppStore|iPhoneSimulator.ActiveCfg = Release|Any CPU
		{E41B0817-51C0-46EC-AF91-935AD16ABE77}.AppStore|iPhoneSimulator.Build.0 = Release|Any CPU
		{E41B0817-51C0-46EC-AF91-935AD16ABE77}.AppStore|x64.ActiveCfg = Release|Any CPU
		{E41B0817-51C0-46EC-AF91-935AD16ABE77}.AppStore|x64.Build.0 = Release|Any CPU
		{E41B0817-51C0-46EC-AF91-935AD16ABE77}.AppStore|x86.ActiveCfg = Release|Any CPU
		{E41B0817-51C0-46EC-AF91-935AD16ABE77}.AppStore|x86.Build.0 = Release|Any CPU
		{E41B0817-51C0-46EC-AF91-935AD16ABE77}.Debug|Any CPU.ActiveCfg = Debug|Any CPU
		{E41B0817-51C0-46EC-AF91-935AD16ABE77}.Debug|Any CPU.Build.0 = Debug|Any CPU
		{E41B0817-51C0-46EC-AF91-935AD16ABE77}.Debug|ARM.ActiveCfg = Debug|Any CPU
		{E41B0817-51C0-46EC-AF91-935AD16ABE77}.Debug|ARM.Build.0 = Debug|Any CPU
		{E41B0817-51C0-46EC-AF91-935AD16ABE77}.Debug|iPhone.ActiveCfg = Debug|Any CPU
		{E41B0817-51C0-46EC-AF91-935AD16ABE77}.Debug|iPhone.Build.0 = Debug|Any CPU
		{E41B0817-51C0-46EC-AF91-935AD16ABE77}.Debug|iPhoneSimulator.ActiveCfg = Debug|Any CPU
		{E41B0817-51C0-46EC-AF91-935AD16ABE77}.Debug|iPhoneSimulator.Build.0 = Debug|Any CPU
		{E41B0817-51C0-46EC-AF91-935AD16ABE77}.Debug|x64.ActiveCfg = Debug|Any CPU
		{E41B0817-51C0-46EC-AF91-935AD16ABE77}.Debug|x64.Build.0 = Debug|Any CPU
		{E41B0817-51C0-46EC-AF91-935AD16ABE77}.Debug|x86.ActiveCfg = Debug|Any CPU
		{E41B0817-51C0-46EC-AF91-935AD16ABE77}.Debug|x86.Build.0 = Debug|Any CPU
		{E41B0817-51C0-46EC-AF91-935AD16ABE77}.Release|Any CPU.ActiveCfg = Release|Any CPU
		{E41B0817-51C0-46EC-AF91-935AD16ABE77}.Release|Any CPU.Build.0 = Release|Any CPU
		{E41B0817-51C0-46EC-AF91-935AD16ABE77}.Release|ARM.ActiveCfg = Release|Any CPU
		{E41B0817-51C0-46EC-AF91-935AD16ABE77}.Release|ARM.Build.0 = Release|Any CPU
		{E41B0817-51C0-46EC-AF91-935AD16ABE77}.Release|iPhone.ActiveCfg = Release|Any CPU
		{E41B0817-51C0-46EC-AF91-935AD16ABE77}.Release|iPhone.Build.0 = Release|Any CPU
		{E41B0817-51C0-46EC-AF91-935AD16ABE77}.Release|iPhoneSimulator.ActiveCfg = Release|Any CPU
		{E41B0817-51C0-46EC-AF91-935AD16ABE77}.Release|iPhoneSimulator.Build.0 = Release|Any CPU
		{E41B0817-51C0-46EC-AF91-935AD16ABE77}.Release|x64.ActiveCfg = Release|Any CPU
		{E41B0817-51C0-46EC-AF91-935AD16ABE77}.Release|x64.Build.0 = Release|Any CPU
		{E41B0817-51C0-46EC-AF91-935AD16ABE77}.Release|x86.ActiveCfg = Release|Any CPU
		{E41B0817-51C0-46EC-AF91-935AD16ABE77}.Release|x86.Build.0 = Release|Any CPU
	EndGlobalSection
	GlobalSection(SolutionProperties) = preSolution
		HideSolutionNode = FALSE
	EndGlobalSection
	GlobalSection(NestedProjects) = preSolution
		{E41B0817-51C0-46EC-AF91-935AD16ABE77} = {F3A00C13-204D-4191-8916-8889701CC795}
	EndGlobalSection
	GlobalSection(ExtensibilityGlobals) = postSolution
		SolutionGuid = {394F0E77-66DA-4906-941C-57EC644C91ED}
	EndGlobalSection
EndGlobal
